# tool version platform asset sha256
gdvm 0.16.0 windows gdvm-x86_64-pc-windows-msvc.exe 9be1b8356926409c57a40caff9e615f01fc9707e616ce3a19d0d2a9c4154ee8d
gdvm 0.16.0 linux gdvm-x86_64-unknown-linux-gnu 271b1cf8d7afec42110c560c31ce5038d00717a6830a9241ff93fe21df64f927
gdvm 0.16.0 macos gdvm-aarch64-apple-darwin 99d95804d407e626d4762a809282479c1a3339a0c1343d5427a5611842ac4d7d
jq 1.8.2 windows jq-windows-amd64.exe a6fc67fedaf9128a3309a1e2ebb8b986aeccf70122ee46d2cb4849e423f0c627
jq 1.8.2 linux jq-linux-amd64 b1c22172dd303f3be49e935aa56aa48a8b7a46e0bc838b4997d3bb451495870f
jq 1.8.2 macos jq-macos-arm64 2d75340ba57a4b4b4c8708a21c2dc8e958a48aaa8bba13b27f77f6e4c0eca07e
