Microsoft Visual Studio Solution File, Format Version 12.00
# Visual Studio 2012
Project("{FAE04EC0-301F-11D3-BF4B-00C04F79EFBC}") = "Ciallo", "Ciallo.csproj", "{4D3F41E4-0C7A-44FB-8A53-13218C9F4A27}"
EndProject
Project("{FAE04EC0-301F-11D3-BF4B-00C04F79EFBC}") = "Massive", "..\massive-ecs\Runtime\Massive.csproj", "{9E547AD3-21AE-4A6F-A78D-F306B3986111}"
EndProject
Global
	GlobalSection(SolutionConfigurationPlatforms) = preSolution
	Debug|Any CPU = Debug|Any CPU
	ExportDebug|Any CPU = ExportDebug|Any CPU
	ExportRelease|Any CPU = ExportRelease|Any CPU
	EndGlobalSection
	GlobalSection(ProjectConfigurationPlatforms) = postSolution
		{4D3F41E4-0C7A-44FB-8A53-13218C9F4A27}.Debug|Any CPU.ActiveCfg = Debug|Any CPU
		{4D3F41E4-0C7A-44FB-8A53-13218C9F4A27}.Debug|Any CPU.Build.0 = Debug|Any CPU
		{4D3F41E4-0C7A-44FB-8A53-13218C9F4A27}.ExportDebug|Any CPU.ActiveCfg = ExportDebug|Any CPU
		{4D3F41E4-0C7A-44FB-8A53-13218C9F4A27}.ExportDebug|Any CPU.Build.0 = ExportDebug|Any CPU
		{4D3F41E4-0C7A-44FB-8A53-13218C9F4A27}.ExportRelease|Any CPU.ActiveCfg = ExportRelease|Any CPU
		{4D3F41E4-0C7A-44FB-8A53-13218C9F4A27}.ExportRelease|Any CPU.Build.0 = ExportRelease|Any CPU
		{9E547AD3-21AE-4A6F-A78D-F306B3986111}.Debug|Any CPU.ActiveCfg = Debug|Any CPU
		{9E547AD3-21AE-4A6F-A78D-F306B3986111}.Debug|Any CPU.Build.0 = Debug|Any CPU
		{9E547AD3-21AE-4A6F-A78D-F306B3986111}.ExportDebug|Any CPU.ActiveCfg = Debug|Any CPU
		{9E547AD3-21AE-4A6F-A78D-F306B3986111}.ExportDebug|Any CPU.Build.0 = Debug|Any CPU
		{9E547AD3-21AE-4A6F-A78D-F306B3986111}.ExportRelease|Any CPU.ActiveCfg = Debug|Any CPU
		{9E547AD3-21AE-4A6F-A78D-F306B3986111}.ExportRelease|Any CPU.Build.0 = Debug|Any CPU
	EndGlobalSection
EndGlobal
