<?xml version="1.0" encoding="utf-8"?>
<Project ToolsVersion="4.0" xmlns="http://schemas.microsoft.com/developer/msbuild/2003">
  <ItemGroup>
    <Filter Include="Source Files">
      <UniqueIdentifier>{4FC737F1-C7A5-4376-A066-2A32D752A2FF}</UniqueIdentifier>
      <Extensions>cpp;c;cc;cxx;c++;cppm;ixx;def;odl;idl;hpj;bat;asm;asmx</Extensions>
    </Filter>
    <Filter Include="Header Files">
      <UniqueIdentifier>{93995380-89BD-4b04-88EB-625FBE52EBFB}</UniqueIdentifier>
      <Extensions>h;hh;hpp;hxx;h++;hm;inl;inc;ipp;xsd</Extensions>
    </Filter>
    <Filter Include="Resource Files">
      <UniqueIdentifier>{67DA6AB6-F800-4c08-8B7A-83BB121AAD01}</UniqueIdentifier>
      <Extensions>rc;ico;cur;bmp;dlg;rc2;rct;bin;rgs;gif;jpg;jpeg;jpe;resx;tiff;tif;png;wav;mfcribbon-ms</Extensions>
    </Filter>
    <Filter Include="Resource Files\shaders">
      <UniqueIdentifier>{54c6d3c7-0dd0-4cae-8337-90ed6c905a23}</UniqueIdentifier>
    </Filter>
  </ItemGroup>
  <ItemGroup>
    <ClCompile Include="Ciallo.cpp">
      <Filter>Source Files</Filter>
    </ClCompile>
    <ClCompile Include="pch.cpp">
      <Filter>Source Files</Filter>
    </ClCompile>
    <ClCompile Include="Application.cpp">
      <Filter>Source Files</Filter>
    </ClCompile>
    <ClCompile Include="Window.cpp">
      <Filter>Source Files</Filter>
    </ClCompile>
    <ClCompile Include="Stroke.cpp">
      <Filter>Source Files</Filter>
    </ClCompile>
    <ClCompile Include="CanvasPanel.cpp">
      <Filter>Source Files</Filter>
    </ClCompile>
    <ClCompile Include="ArticulatedLineEngine.cpp">
      <Filter>Source Files</Filter>
    </ClCompile>
    <ClCompile Include="ShaderUtilities.cpp">
      <Filter>Source Files</Filter>
    </ClCompile>
    <ClCompile Include="Drawing.cpp">
      <Filter>Source Files</Filter>
    </ClCompile>
    <ClCompile Include="Project.cpp">
      <Filter>Source Files</Filter>
    </ClCompile>
    <ClCompile Include="RenderingSystem.cpp">
      <Filter>Source Files</Filter>
    </ClCompile>
    <ClCompile Include="CursorInteractionTracer.cpp">
      <Filter>Source Files</Filter>
    </ClCompile>
    <ClCompile Include="Tool.cpp">
      <Filter>Source Files</Filter>
    </ClCompile>
    <ClCompile Include="EntityObject.cpp">
      <Filter>Source Files</Filter>
    </ClCompile>
    <ClCompile Include="PaintTool.cpp">
      <Filter>Source Files</Filter>
    </ClCompile>
    <ClCompile Include="EditTool.cpp">
      <Filter>Source Files</Filter>
    </ClCompile>
    <ClCompile Include="PolygonEngine.cpp">
      <Filter>Source Files</Filter>
    </ClCompile>
    <ClCompile Include="ArrangementManager.cpp">
      <Filter>Source Files</Filter>
    </ClCompile>
    <ClCompile Include="FillTool.cpp">
      <Filter>Source Files</Filter>
    </ClCompile>
    <ClCompile Include="CubicBezier.cpp">
      <Filter>Source Files</Filter>
    </ClCompile>
    <ClCompile Include="BezierSpline.cpp">
      <Filter>Source Files</Filter>
    </ClCompile>
    <ClCompile Include="Polyline.cpp">
      <Filter>Source Files</Filter>
    </ClCompile>
    <ClCompile Include="ColorFace.cpp">
      <Filter>Source Files</Filter>
    </ClCompile>
    <ClCompile Include="PrefixSumPosition.cpp">
      <Filter>Source Files</Filter>
    </ClCompile>
    <ClCompile Include="TextureManager.cpp">
      <Filter>Source Files</Filter>
    </ClCompile>
    <ClCompile Include="Brush.cpp">
      <Filter>Source Files</Filter>
    </ClCompile>
    <ClCompile Include="BrushManager.cpp">
      <Filter>Source Files</Filter>
    </ClCompile>
    <ClCompile Include="RenderableTexture.cpp">
      <Filter>Source Files</Filter>
    </ClCompile>
  </ItemGroup>
  <ItemGroup>
    <ClInclude Include="pch.hpp">
      <Filter>Header Files</Filter>
    </ClInclude>
    <ClInclude Include="Application.h">
      <Filter>Header Files</Filter>
    </ClInclude>
    <ClInclude Include="Window.h">
      <Filter>Header Files</Filter>
    </ClInclude>
    <ClInclude Include="Stroke.h">
      <Filter>Header Files</Filter>
    </ClInclude>
    <ClInclude Include="CanvasPanel.h">
      <Filter>Header Files</Filter>
    </ClInclude>
    <ClInclude Include="ArticulatedLineEngine.h">
      <Filter>Header Files</Filter>
    </ClInclude>
    <ClInclude Include="ShaderUtilities.h">
      <Filter>Header Files</Filter>
    </ClInclude>
    <ClInclude Include="Drawing.h">
      <Filter>Header Files</Filter>
    </ClInclude>
    <ClInclude Include="Project.h">
      <Filter>Header Files</Filter>
    </ClInclude>
    <ClInclude Include="EntityObject.h">
      <Filter>Header Files</Filter>
    </ClInclude>
    <ClInclude Include="PaintTool.h">
      <Filter>Header Files</Filter>
    </ClInclude>
    <ClInclude Include="CursorInteractionTracer.h">
      <Filter>Header Files</Filter>
    </ClInclude>
    <ClInclude Include="Tool.h">
      <Filter>Header Files</Filter>
    </ClInclude>
    <ClInclude Include="RenderingSystem.h">
      <Filter>Header Files</Filter>
    </ClInclude>
    <ClInclude Include="EditTool.h">
      <Filter>Header Files</Filter>
    </ClInclude>
    <ClInclude Include="Arrangement.h">
      <Filter>Header Files</Filter>
    </ClInclude>
    <ClInclude Include="PolygonEngine.h">
      <Filter>Header Files</Filter>
    </ClInclude>
    <ClInclude Include="FillTool.h">
      <Filter>Header Files</Filter>
    </ClInclude>
    <ClInclude Include="ArrangementManager.h">
      <Filter>Header Files</Filter>
    </ClInclude>
    <ClInclude Include="CubicBezier.h">
      <Filter>Header Files</Filter>
    </ClInclude>
    <ClInclude Include="BezierSpline.h">
      <Filter>Header Files</Filter>
    </ClInclude>
    <ClInclude Include="Polyline.h">
      <Filter>Header Files</Filter>
    </ClInclude>
    <ClInclude Include="ColorFace.h">
      <Filter>Header Files</Filter>
    </ClInclude>
    <ClInclude Include="PrefixSumPosition.h">
      <Filter>Header Files</Filter>
    </ClInclude>
    <ClInclude Include="Visiblity.h">
      <Filter>Header Files</Filter>
    </ClInclude>
    <ClInclude Include="TextureManager.h">
      <Filter>Header Files</Filter>
    </ClInclude>
    <ClInclude Include="Brush.h">
      <Filter>Header Files</Filter>
    </ClInclude>
    <ClInclude Include="BrushManager.h">
      <Filter>Header Files</Filter>
    </ClInclude>
    <ClInclude Include="RenderableTexture.h">
      <Filter>Header Files</Filter>
    </ClInclude>
  </ItemGroup>
  <ItemGroup>
    <CopyFileToFolders Include="shaders\articulatedLine.frag">
      <Filter>Resource Files\shaders</Filter>
    </CopyFileToFolders>
    <CopyFileToFolders Include="shaders\articulatedLine.geom">
      <Filter>Resource Files\shaders</Filter>
    </CopyFileToFolders>
    <CopyFileToFolders Include="shaders\articulatedLine.vert">
      <Filter>Resource Files\shaders</Filter>
    </CopyFileToFolders>
    <CopyFileToFolders Include="shaders\polygon.frag">
      <Filter>Resource Files\shaders</Filter>
    </CopyFileToFolders>
    <CopyFileToFolders Include="shaders\polygon.vert">
      <Filter>Resource Files\shaders</Filter>
    </CopyFileToFolders>
    <CopyFileToFolders Include="shaders\prefixSumPosition.comp">
      <Filter>Resource Files\shaders</Filter>
    </CopyFileToFolders>
    <CopyFileToFolders Include="images\stamp1.png">
      <Filter>Resource Files</Filter>
    </CopyFileToFolders>
    <CopyFileToFolders Include="images\stamp2.png">
      <Filter>Resource Files</Filter>
    </CopyFileToFolders>
  </ItemGroup>
</Project>