Microsoft Visual Studio Solution File, Format Version 12.00
# Visual Studio 2012
Project("{FAE04EC0-301F-11D3-BF4B-00C04F79EFBC}") = "Ciallo", "Ciallo.csproj", "{4D3F41E4-0C7A-44FB-8A53-13218C9F4A27}"
EndProject
Project("{FAE04EC0-301F-11D3-BF4B-00C04F79EFBC}") = "SourceGeneration", "SourceGeneration\SourceGeneration.csproj", "{B6D35E4E-9998-42A9-AA4D-BCAFD885640D}"
EndProject
Project("{FAE04EC0-301F-11D3-BF4B-00C04F79EFBC}") = "InkStrokeModeler", "InkStrokeModeler\InkStrokeModeler.csproj", "{A00851E6-B31C-45EA-8862-1D1697A654F2}"
EndProject
Project("{FAE04EC0-301F-11D3-BF4B-00C04F79EFBC}") = "InkStrokeModeler.Tests", "InkStrokeModeler.Tests\InkStrokeModeler.Tests.csproj", "{44208423-6082-4F9A-9BD9-3BB5630AFB4A}"
EndProject
Project("{2150E333-8FDC-42A3-9474-1A3956D46DE8}") = "thirdparty", "thirdparty", "{356D9C46-07F5-7F13-4EEF-5DD22B885BE8}"
EndProject
Project("{FAE04EC0-301F-11D3-BF4B-00C04F79EFBC}") = "Facepunch.Steamworks", "..\thirdparty\Facepunch.Steamworks.csproj", "{5BD38547-F012-4511-9575-3FC1587E021B}"
EndProject
Global
	GlobalSection(SolutionConfigurationPlatforms) = preSolution
		Debug|Any CPU = Debug|Any CPU
		ExportDebug|Any CPU = ExportDebug|Any CPU
		ExportRelease|Any CPU = ExportRelease|Any CPU
	EndGlobalSection
	GlobalSection(ProjectConfigurationPlatforms) = postSolution
		{4D3F41E4-0C7A-44FB-8A53-13218C9F4A27}.Debug|Any CPU.ActiveCfg = Debug|Any CPU
		{4D3F41E4-0C7A-44FB-8A53-13218C9F4A27}.Debug|Any CPU.Build.0 = Debug|Any CPU
		{4D3F41E4-0C7A-44FB-8A53-13218C9F4A27}.ExportDebug|Any CPU.ActiveCfg = ExportDebug|Any CPU
		{4D3F41E4-0C7A-44FB-8A53-13218C9F4A27}.ExportDebug|Any CPU.Build.0 = ExportDebug|Any CPU
		{4D3F41E4-0C7A-44FB-8A53-13218C9F4A27}.ExportRelease|Any CPU.ActiveCfg = ExportRelease|Any CPU
		{4D3F41E4-0C7A-44FB-8A53-13218C9F4A27}.ExportRelease|Any CPU.Build.0 = ExportRelease|Any CPU
		{B6D35E4E-9998-42A9-AA4D-BCAFD885640D}.Debug|Any CPU.ActiveCfg = Debug|Any CPU
		{B6D35E4E-9998-42A9-AA4D-BCAFD885640D}.Debug|Any CPU.Build.0 = Debug|Any CPU
		{B6D35E4E-9998-42A9-AA4D-BCAFD885640D}.ExportDebug|Any CPU.ActiveCfg = ExportDebug|Any CPU
		{B6D35E4E-9998-42A9-AA4D-BCAFD885640D}.ExportDebug|Any CPU.Build.0 = ExportDebug|Any CPU
		{B6D35E4E-9998-42A9-AA4D-BCAFD885640D}.ExportRelease|Any CPU.ActiveCfg = ExportRelease|Any CPU
		{B6D35E4E-9998-42A9-AA4D-BCAFD885640D}.ExportRelease|Any CPU.Build.0 = ExportRelease|Any CPU
		{A00851E6-B31C-45EA-8862-1D1697A654F2}.Debug|Any CPU.ActiveCfg = Debug|Any CPU
		{A00851E6-B31C-45EA-8862-1D1697A654F2}.Debug|Any CPU.Build.0 = Debug|Any CPU
		{A00851E6-B31C-45EA-8862-1D1697A654F2}.ExportDebug|Any CPU.ActiveCfg = ExportDebug|Any CPU
		{A00851E6-B31C-45EA-8862-1D1697A654F2}.ExportDebug|Any CPU.Build.0 = ExportDebug|Any CPU
		{A00851E6-B31C-45EA-8862-1D1697A654F2}.ExportRelease|Any CPU.ActiveCfg = ExportRelease|Any CPU
		{A00851E6-B31C-45EA-8862-1D1697A654F2}.ExportRelease|Any CPU.Build.0 = ExportRelease|Any CPU
		{44208423-6082-4F9A-9BD9-3BB5630AFB4A}.Debug|Any CPU.ActiveCfg = Debug|Any CPU
		{44208423-6082-4F9A-9BD9-3BB5630AFB4A}.Debug|Any CPU.Build.0 = Debug|Any CPU
		{44208423-6082-4F9A-9BD9-3BB5630AFB4A}.ExportDebug|Any CPU.ActiveCfg = ExportDebug|Any CPU
		{44208423-6082-4F9A-9BD9-3BB5630AFB4A}.ExportDebug|Any CPU.Build.0 = ExportDebug|Any CPU
		{44208423-6082-4F9A-9BD9-3BB5630AFB4A}.ExportRelease|Any CPU.ActiveCfg = ExportRelease|Any CPU
		{44208423-6082-4F9A-9BD9-3BB5630AFB4A}.ExportRelease|Any CPU.Build.0 = ExportRelease|Any CPU
		{5BD38547-F012-4511-9575-3FC1587E021B}.Debug|Any CPU.ActiveCfg = Debug|Any CPU
		{5BD38547-F012-4511-9575-3FC1587E021B}.Debug|Any CPU.Build.0 = Debug|Any CPU
		{5BD38547-F012-4511-9575-3FC1587E021B}.ExportDebug|Any CPU.ActiveCfg = ExportDebug|Any CPU
		{5BD38547-F012-4511-9575-3FC1587E021B}.ExportDebug|Any CPU.Build.0 = ExportDebug|Any CPU
		{5BD38547-F012-4511-9575-3FC1587E021B}.ExportRelease|Any CPU.ActiveCfg = ExportRelease|Any CPU
		{5BD38547-F012-4511-9575-3FC1587E021B}.ExportRelease|Any CPU.Build.0 = ExportRelease|Any CPU
	EndGlobalSection
	GlobalSection(SolutionProperties) = preSolution
		HideSolutionNode = FALSE
	EndGlobalSection
	GlobalSection(NestedProjects) = preSolution
		{5BD38547-F012-4511-9575-3FC1587E021B} = {356D9C46-07F5-7F13-4EEF-5DD22B885BE8}
	EndGlobalSection
EndGlobal
